
Microsoft Visual Studio Solution File, Format Version 12.00
# Visual Studio Version 17
VisualStudioVersion = 17.2.32630.192
MinimumVisualStudioVersion = 10.0.40219.1
Project("{9A19103F-16F7-4668-BE54-9A1E7A4F7556}") = "Farseer Physics", "Farseer Physics Engine\Farseer Physics.csproj", "{6A8F989D-0596-470F-9D6C-A4F4F0460863}"
EndProject
Project("{9A19103F-16F7-4668-BE54-9A1E7A4F7556}") = "AssaultWingCoreContent", "AssaultWingCoreContent\AssaultWingCoreContent.csproj", "{B7498C25-809E-48E1-B88B-CB7C25705431}"
EndProject
Project("{9A19103F-16F7-4668-BE54-9A1E7A4F7556}") = "AssaultWingContent", "AssaultWingContent\AssaultWingContent.csproj", "{BA7EA849-6B02-42C0-8B73-B1A90EA541D4}"
EndProject
Project("{9A19103F-16F7-4668-BE54-9A1E7A4F7556}") = "AssaultWingCore", "AssaultWingCore\AssaultWingCore.csproj", "{615D550F-E182-48A9-AF71-58A9CA6EDDB2}"
EndProject
Project("{9A19103F-16F7-4668-BE54-9A1E7A4F7556}") = "AssaultWing", "AssaultWing\AssaultWing.csproj", "{AB33D38E-7A40-4EEF-8BB1-A3F718087F13}"
EndProject
Project("{9A19103F-16F7-4668-BE54-9A1E7A4F7556}") = "AWUnitTests", "AWUnitTests\AWUnitTests.csproj", "{319CB50D-622D-4296-B524-D72FB3DFB246}"
EndProject
Project("{9A19103F-16F7-4668-BE54-9A1E7A4F7556}") = "DedicatedServer", "DedicatedServer\DedicatedServer.csproj", "{99BCBB77-2668-4D61-97C2-150775B4E837}"
EndProject
Global
	GlobalSection(SolutionConfigurationPlatforms) = preSolution
		Debug|x64 = Debug|x64
		Release|x64 = Release|x64
	EndGlobalSection
	GlobalSection(ProjectConfigurationPlatforms) = postSolution
		{6A8F989D-0596-470F-9D6C-A4F4F0460863}.Debug|x64.ActiveCfg = Debug|Any CPU
		{6A8F989D-0596-470F-9D6C-A4F4F0460863}.Debug|x64.Build.0 = Debug|Any CPU
		{6A8F989D-0596-470F-9D6C-A4F4F0460863}.Release|x64.ActiveCfg = Release|Any CPU
		{6A8F989D-0596-470F-9D6C-A4F4F0460863}.Release|x64.Build.0 = Release|Any CPU
		{B7498C25-809E-48E1-B88B-CB7C25705431}.Debug|x64.ActiveCfg = Debug|Any CPU
		{B7498C25-809E-48E1-B88B-CB7C25705431}.Debug|x64.Build.0 = Debug|Any CPU
		{B7498C25-809E-48E1-B88B-CB7C25705431}.Release|x64.ActiveCfg = Release|Any CPU
		{B7498C25-809E-48E1-B88B-CB7C25705431}.Release|x64.Build.0 = Release|Any CPU
		{BA7EA849-6B02-42C0-8B73-B1A90EA541D4}.Debug|x64.ActiveCfg = Debug|Any CPU
		{BA7EA849-6B02-42C0-8B73-B1A90EA541D4}.Debug|x64.Build.0 = Debug|Any CPU
		{BA7EA849-6B02-42C0-8B73-B1A90EA541D4}.Release|x64.ActiveCfg = Release|Any CPU
		{BA7EA849-6B02-42C0-8B73-B1A90EA541D4}.Release|x64.Build.0 = Release|Any CPU
		{615D550F-E182-48A9-AF71-58A9CA6EDDB2}.Debug|x64.ActiveCfg = Debug|x64
		{615D550F-E182-48A9-AF71-58A9CA6EDDB2}.Debug|x64.Build.0 = Debug|x64
		{615D550F-E182-48A9-AF71-58A9CA6EDDB2}.Release|x64.ActiveCfg = Release|x64
		{615D550F-E182-48A9-AF71-58A9CA6EDDB2}.Release|x64.Build.0 = Release|x64
		{AB33D38E-7A40-4EEF-8BB1-A3F718087F13}.Debug|x64.ActiveCfg = Debug|x64
		{AB33D38E-7A40-4EEF-8BB1-A3F718087F13}.Debug|x64.Build.0 = Debug|x64
		{AB33D38E-7A40-4EEF-8BB1-A3F718087F13}.Release|x64.ActiveCfg = Release|x64
		{AB33D38E-7A40-4EEF-8BB1-A3F718087F13}.Release|x64.Build.0 = Release|x64
		{319CB50D-622D-4296-B524-D72FB3DFB246}.Debug|x64.ActiveCfg = Debug|x64
		{319CB50D-622D-4296-B524-D72FB3DFB246}.Debug|x64.Build.0 = Debug|x64
		{319CB50D-622D-4296-B524-D72FB3DFB246}.Release|x64.ActiveCfg = Release|x64
		{319CB50D-622D-4296-B524-D72FB3DFB246}.Release|x64.Build.0 = Release|x64
		{99BCBB77-2668-4D61-97C2-150775B4E837}.Debug|x64.ActiveCfg = Debug|x64
		{99BCBB77-2668-4D61-97C2-150775B4E837}.Debug|x64.Build.0 = Debug|x64
		{99BCBB77-2668-4D61-97C2-150775B4E837}.Release|x64.ActiveCfg = Release|x64
		{99BCBB77-2668-4D61-97C2-150775B4E837}.Release|x64.Build.0 = Release|x64
	EndGlobalSection
	GlobalSection(SolutionProperties) = preSolution
		HideSolutionNode = FALSE
	EndGlobalSection
	GlobalSection(ExtensibilityGlobals) = postSolution
		SolutionGuid = {EE039D81-33CC-4FDE-918B-51CC031C6770}
	EndGlobalSection
EndGlobal
