
Microsoft Visual Studio Solution File, Format Version 10.00
# Visual C# Express 2008
Project("{FAE04EC0-301F-11D3-BF4B-00C04F79EFBC}") = "ArenaEditor", "ArenaEditor\ArenaEditor.csproj", "{7FF8C694-2989-470E-8374-DBF3770E1BF4}"
EndProject
Project("{FAE04EC0-301F-11D3-BF4B-00C04F79EFBC}") = "AssaultWing", "AssaultWing\AssaultWing.csproj", "{CBFE65DF-0911-46C8-BEBB-C57254648ABC}"
EndProject
Project("{FAE04EC0-301F-11D3-BF4B-00C04F79EFBC}") = "AssaultWingGame", "AssaultWingGame\AssaultWingGame.csproj", "{E8EFC5DB-1665-4079-9F4E-BD60AB104630}"
EndProject
Global
	GlobalSection(SolutionConfigurationPlatforms) = preSolution
		Debug|x86 = Debug|x86
		Debug2|x86 = Debug2|x86
		Release|x86 = Release|x86
	EndGlobalSection
	GlobalSection(ProjectConfigurationPlatforms) = postSolution
		{7FF8C694-2989-470E-8374-DBF3770E1BF4}.Debug|x86.ActiveCfg = Debug|x86
		{7FF8C694-2989-470E-8374-DBF3770E1BF4}.Debug|x86.Build.0 = Debug|x86
		{7FF8C694-2989-470E-8374-DBF3770E1BF4}.Debug2|x86.ActiveCfg = Debug|x86
		{7FF8C694-2989-470E-8374-DBF3770E1BF4}.Release|x86.ActiveCfg = Release|x86
		{7FF8C694-2989-470E-8374-DBF3770E1BF4}.Release|x86.Build.0 = Release|x86
		{CBFE65DF-0911-46C8-BEBB-C57254648ABC}.Debug|x86.ActiveCfg = Debug|x86
		{CBFE65DF-0911-46C8-BEBB-C57254648ABC}.Debug|x86.Build.0 = Debug|x86
		{CBFE65DF-0911-46C8-BEBB-C57254648ABC}.Debug2|x86.ActiveCfg = Debug|x86
		{CBFE65DF-0911-46C8-BEBB-C57254648ABC}.Debug2|x86.Build.0 = Debug|x86
		{CBFE65DF-0911-46C8-BEBB-C57254648ABC}.Release|x86.ActiveCfg = Release|x86
		{CBFE65DF-0911-46C8-BEBB-C57254648ABC}.Release|x86.Build.0 = Release|x86
		{E8EFC5DB-1665-4079-9F4E-BD60AB104630}.Debug|x86.ActiveCfg = Debug|x86
		{E8EFC5DB-1665-4079-9F4E-BD60AB104630}.Debug|x86.Build.0 = Debug|x86
		{E8EFC5DB-1665-4079-9F4E-BD60AB104630}.Debug2|x86.ActiveCfg = Debug2|x86
		{E8EFC5DB-1665-4079-9F4E-BD60AB104630}.Debug2|x86.Build.0 = Debug2|x86
		{E8EFC5DB-1665-4079-9F4E-BD60AB104630}.Release|x86.ActiveCfg = Release|x86
		{E8EFC5DB-1665-4079-9F4E-BD60AB104630}.Release|x86.Build.0 = Release|x86
		{A5448717-CA58-484A-B818-A0CFCD969767}.Debug|x86.ActiveCfg = Debug|x86
		{A5448717-CA58-484A-B818-A0CFCD969767}.Debug2|x86.ActiveCfg = Debug|x86
		{A5448717-CA58-484A-B818-A0CFCD969767}.Release|x86.ActiveCfg = Release|x86
	EndGlobalSection
	GlobalSection(SolutionProperties) = preSolution
		HideSolutionNode = FALSE
	EndGlobalSection
EndGlobal
