
Microsoft Visual Studio Solution File, Format Version 11.00
# Visual C# Express 2010
Project("{FAE04EC0-301F-11D3-BF4B-00C04F79EFBC}") = "AssaultWingCore", "AssaultWingCore\AssaultWingCore.csproj", "{2F76D6B0-B171-4A7B-822E-B2B4BDA87C4C}"
EndProject
Project("{FAE04EC0-301F-11D3-BF4B-00C04F79EFBC}") = "AssaultWingCoreContent", "AssaultWingCoreContent\AssaultWingCoreContent.contentproj", "{10BBD3AE-07F8-424F-BA02-9AE8FD49CFAD}"
EndProject
Project("{FAE04EC0-301F-11D3-BF4B-00C04F79EFBC}") = "AssaultWing", "AssaultWing\AssaultWing.csproj", "{6CBD4219-88EE-46F2-B321-141F35B8B4BC}"
EndProject
Project("{FAE04EC0-301F-11D3-BF4B-00C04F79EFBC}") = "ArenaEditor", "ArenaEditor\ArenaEditor.csproj", "{7D1FEEBA-B018-4E61-9D5C-CE731D36052A}"
EndProject
Project("{FAE04EC0-301F-11D3-BF4B-00C04F79EFBC}") = "AssaultWingContent", "AssaultWingContent\AssaultWingContent.contentproj", "{73425008-E11E-4105-B964-2F2005136F75}"
EndProject
Project("{FAE04EC0-301F-11D3-BF4B-00C04F79EFBC}") = "AWUnitTests", "AWUnitTests\AWUnitTests.csproj", "{B041E31A-3519-4869-85A3-5DF8C7874F45}"
EndProject
Global
	GlobalSection(SolutionConfigurationPlatforms) = preSolution
		Debug|x86 = Debug|x86
		Release|x86 = Release|x86
	EndGlobalSection
	GlobalSection(ProjectConfigurationPlatforms) = postSolution
		{2F76D6B0-B171-4A7B-822E-B2B4BDA87C4C}.Debug|x86.ActiveCfg = Debug|x86
		{2F76D6B0-B171-4A7B-822E-B2B4BDA87C4C}.Debug|x86.Build.0 = Debug|x86
		{2F76D6B0-B171-4A7B-822E-B2B4BDA87C4C}.Release|x86.ActiveCfg = Release|x86
		{2F76D6B0-B171-4A7B-822E-B2B4BDA87C4C}.Release|x86.Build.0 = Release|x86
		{10BBD3AE-07F8-424F-BA02-9AE8FD49CFAD}.Debug|x86.ActiveCfg = Debug|Any CPU
		{10BBD3AE-07F8-424F-BA02-9AE8FD49CFAD}.Release|x86.ActiveCfg = Debug|Any CPU
		{6CBD4219-88EE-46F2-B321-141F35B8B4BC}.Debug|x86.ActiveCfg = Debug|x86
		{6CBD4219-88EE-46F2-B321-141F35B8B4BC}.Debug|x86.Build.0 = Debug|x86
		{6CBD4219-88EE-46F2-B321-141F35B8B4BC}.Release|x86.ActiveCfg = Release|x86
		{6CBD4219-88EE-46F2-B321-141F35B8B4BC}.Release|x86.Build.0 = Release|x86
		{7D1FEEBA-B018-4E61-9D5C-CE731D36052A}.Debug|x86.ActiveCfg = Debug|x86
		{7D1FEEBA-B018-4E61-9D5C-CE731D36052A}.Debug|x86.Build.0 = Debug|x86
		{7D1FEEBA-B018-4E61-9D5C-CE731D36052A}.Release|x86.ActiveCfg = Release|x86
		{7D1FEEBA-B018-4E61-9D5C-CE731D36052A}.Release|x86.Build.0 = Release|x86
		{73425008-E11E-4105-B964-2F2005136F75}.Debug|x86.ActiveCfg = Debug|x86
		{73425008-E11E-4105-B964-2F2005136F75}.Debug|x86.Build.0 = Debug|x86
		{73425008-E11E-4105-B964-2F2005136F75}.Release|x86.ActiveCfg = Release|x86
		{73425008-E11E-4105-B964-2F2005136F75}.Release|x86.Build.0 = Release|x86
		{B041E31A-3519-4869-85A3-5DF8C7874F45}.Debug|x86.ActiveCfg = Debug|x86
		{B041E31A-3519-4869-85A3-5DF8C7874F45}.Debug|x86.Build.0 = Debug|x86
		{B041E31A-3519-4869-85A3-5DF8C7874F45}.Release|x86.ActiveCfg = Release|x86
		{B041E31A-3519-4869-85A3-5DF8C7874F45}.Release|x86.Build.0 = Release|x86
	EndGlobalSection
	GlobalSection(SolutionProperties) = preSolution
		HideSolutionNode = FALSE
	EndGlobalSection
EndGlobal
